
Microsoft Visual Studio Solution File, Format Version 12.00
# Visual Studio 2013
VisualStudioVersion = 12.0.30501.0
MinimumVisualStudioVersion = 10.0.40219.1
Project("{FAE04EC0-301F-11D3-BF4B-00C04F79EFBC}") = "DryHtml", "DryHtml\DryHtml.csproj", "{647E4E29-8F04-4925-821C-171364ED9D1D}"
EndProject
Project("{FAE04EC0-301F-11D3-BF4B-00C04F79EFBC}") = "DryHtml.Tests", "DryHtml.Tests\DryHtml.Tests.csproj", "{B5B1575A-D66A-4F5D-99F0-E4FE1DE48AAE}"
EndProject
Project("{FAE04EC0-301F-11D3-BF4B-00C04F79EFBC}") = "DryHtml.SampleMVCSite", "DryHtml.SampleMVCSite\DryHtml.SampleMVCSite.csproj", "{A5F1B0A0-817B-4DA9-8348-D15273F3A229}"
EndProject
Project("{FAE04EC0-301F-11D3-BF4B-00C04F79EFBC}") = "DryHtml.HtmlDiff", "DryHtml.HtmlDiff\DryHtml.HtmlDiff.csproj", "{22315874-8DB5-4D89-884D-4B73325B5E65}"
EndProject
Project("{FAE04EC0-301F-11D3-BF4B-00C04F79EFBC}") = "DryHtml.HtmlDiff.Tests", "DryHtml.HtmlDiff.Tests\DryHtml.HtmlDiff.Tests.csproj", "{258FBFBA-A15C-4494-A835-AF3CAA173C08}"
EndProject
Project("{FAE04EC0-301F-11D3-BF4B-00C04F79EFBC}") = "DryHtml.ViewExtractor", "DryHtml.ViewExtractor\DryHtml.ViewExtractor.csproj", "{69CADC94-2EA6-486B-9955-AED9D9E8BE15}"
EndProject
Project("{FAE04EC0-301F-11D3-BF4B-00C04F79EFBC}") = "DryHtml.ViewExtractor.Tests", "DryHtml.ViewExtractor.Tests\DryHtml.ViewExtractor.Tests.csproj", "{A4B03D68-20F7-47DD-A7E9-A07C8CCE3C08}"
EndProject
Global
	GlobalSection(SolutionConfigurationPlatforms) = preSolution
		Debug|Any CPU = Debug|Any CPU
		Release|Any CPU = Release|Any CPU
	EndGlobalSection
	GlobalSection(ProjectConfigurationPlatforms) = postSolution
		{647E4E29-8F04-4925-821C-171364ED9D1D}.Debug|Any CPU.ActiveCfg = Debug|Any CPU
		{647E4E29-8F04-4925-821C-171364ED9D1D}.Debug|Any CPU.Build.0 = Debug|Any CPU
		{647E4E29-8F04-4925-821C-171364ED9D1D}.Release|Any CPU.ActiveCfg = Release|Any CPU
		{647E4E29-8F04-4925-821C-171364ED9D1D}.Release|Any CPU.Build.0 = Release|Any CPU
		{B5B1575A-D66A-4F5D-99F0-E4FE1DE48AAE}.Debug|Any CPU.ActiveCfg = Debug|Any CPU
		{B5B1575A-D66A-4F5D-99F0-E4FE1DE48AAE}.Debug|Any CPU.Build.0 = Debug|Any CPU
		{B5B1575A-D66A-4F5D-99F0-E4FE1DE48AAE}.Release|Any CPU.ActiveCfg = Release|Any CPU
		{B5B1575A-D66A-4F5D-99F0-E4FE1DE48AAE}.Release|Any CPU.Build.0 = Release|Any CPU
		{A5F1B0A0-817B-4DA9-8348-D15273F3A229}.Debug|Any CPU.ActiveCfg = Debug|Any CPU
		{A5F1B0A0-817B-4DA9-8348-D15273F3A229}.Debug|Any CPU.Build.0 = Debug|Any CPU
		{A5F1B0A0-817B-4DA9-8348-D15273F3A229}.Release|Any CPU.ActiveCfg = Release|Any CPU
		{A5F1B0A0-817B-4DA9-8348-D15273F3A229}.Release|Any CPU.Build.0 = Release|Any CPU
		{22315874-8DB5-4D89-884D-4B73325B5E65}.Debug|Any CPU.ActiveCfg = Debug|Any CPU
		{22315874-8DB5-4D89-884D-4B73325B5E65}.Debug|Any CPU.Build.0 = Debug|Any CPU
		{22315874-8DB5-4D89-884D-4B73325B5E65}.Release|Any CPU.ActiveCfg = Release|Any CPU
		{22315874-8DB5-4D89-884D-4B73325B5E65}.Release|Any CPU.Build.0 = Release|Any CPU
		{258FBFBA-A15C-4494-A835-AF3CAA173C08}.Debug|Any CPU.ActiveCfg = Debug|Any CPU
		{258FBFBA-A15C-4494-A835-AF3CAA173C08}.Debug|Any CPU.Build.0 = Debug|Any CPU
		{258FBFBA-A15C-4494-A835-AF3CAA173C08}.Release|Any CPU.ActiveCfg = Release|Any CPU
		{258FBFBA-A15C-4494-A835-AF3CAA173C08}.Release|Any CPU.Build.0 = Release|Any CPU
		{69CADC94-2EA6-486B-9955-AED9D9E8BE15}.Debug|Any CPU.ActiveCfg = Debug|Any CPU
		{69CADC94-2EA6-486B-9955-AED9D9E8BE15}.Debug|Any CPU.Build.0 = Debug|Any CPU
		{69CADC94-2EA6-486B-9955-AED9D9E8BE15}.Release|Any CPU.ActiveCfg = Release|Any CPU
		{69CADC94-2EA6-486B-9955-AED9D9E8BE15}.Release|Any CPU.Build.0 = Release|Any CPU
		{A4B03D68-20F7-47DD-A7E9-A07C8CCE3C08}.Debug|Any CPU.ActiveCfg = Debug|Any CPU
		{A4B03D68-20F7-47DD-A7E9-A07C8CCE3C08}.Debug|Any CPU.Build.0 = Debug|Any CPU
		{A4B03D68-20F7-47DD-A7E9-A07C8CCE3C08}.Release|Any CPU.ActiveCfg = Release|Any CPU
		{A4B03D68-20F7-47DD-A7E9-A07C8CCE3C08}.Release|Any CPU.Build.0 = Release|Any CPU
	EndGlobalSection
	GlobalSection(SolutionProperties) = preSolution
		HideSolutionNode = FALSE
	EndGlobalSection
EndGlobal
